
Microsoft Visual Studio Solution File, Format Version 12.00
# Visual Studio Version 16
VisualStudioVersion = 16.0.30128.74
MinimumVisualStudioVersion = 10.0.40219.1
Project("{9A19103F-16F7-4668-BE54-9A1E7A4F7556}") = "SimpleHuffman", "SimpleHuffman.csproj", "{1B6FE44E-2854-44BC-B66E-006F99E6C506}"
EndProject
Global
	GlobalSection(SolutionConfigurationPlatforms) = preSolution
		Debug|Any CPU = Debug|Any CPU
		Release|Any CPU = Release|Any CPU
	EndGlobalSection
	GlobalSection(ProjectConfigurationPlatforms) = postSolution
		{1B6FE44E-2854-44BC-B66E-006F99E6C506}.Debug|Any CPU.ActiveCfg = Debug|Any CPU
		{1B6FE44E-2854-44BC-B66E-006F99E6C506}.Debug|Any CPU.Build.0 = Debug|Any CPU
		{1B6FE44E-2854-44BC-B66E-006F99E6C506}.Release|Any CPU.ActiveCfg = Release|Any CPU
		{1B6FE44E-2854-44BC-B66E-006F99E6C506}.Release|Any CPU.Build.0 = Release|Any CPU
	EndGlobalSection
	GlobalSection(SolutionProperties) = preSolution
		HideSolutionNode = FALSE
	EndGlobalSection
	GlobalSection(ExtensibilityGlobals) = postSolution
		SolutionGuid = {DAF17BC8-19A3-4B2B-8BC4-3E2A06D958DD}
	EndGlobalSection
EndGlobal
